
Microsoft Visual Studio Solution File, Format Version 12.00
# Visual Studio Version 17
VisualStudioVersion = 17.13.35731.43 d17.13
MinimumVisualStudioVersion = 10.0.40219.1
Project("{FAE04EC0-301F-11D3-BF4B-00C04F79EFBC}") = "PCPower operation", "PCPower operation\PCPower operation.csproj", "{1F498A8A-8CD2-435E-B006-551958F4FCCC}"
EndProject
Global
	GlobalSection(SolutionConfigurationPlatforms) = preSolution
		Debug|Any CPU = Debug|Any CPU
		Release|Any CPU = Release|Any CPU
	EndGlobalSection
	GlobalSection(ProjectConfigurationPlatforms) = postSolution
		{1F498A8A-8CD2-435E-B006-551958F4FCCC}.Debug|Any CPU.ActiveCfg = Debug|Any CPU
		{1F498A8A-8CD2-435E-B006-551958F4FCCC}.Debug|Any CPU.Build.0 = Debug|Any CPU
		{1F498A8A-8CD2-435E-B006-551958F4FCCC}.Release|Any CPU.ActiveCfg = Release|Any CPU
		{1F498A8A-8CD2-435E-B006-551958F4FCCC}.Release|Any CPU.Build.0 = Release|Any CPU
	EndGlobalSection
	GlobalSection(SolutionProperties) = preSolution
		HideSolutionNode = FALSE
	EndGlobalSection
	GlobalSection(ExtensibilityGlobals) = postSolution
		SolutionGuid = {A12FAFE5-2614-4F95-9922-23F4CF56DB47}
	EndGlobalSection
EndGlobal
